
Microsoft Visual Studio Solution File, Format Version 12.00
# Visual Studio 14
VisualStudioVersion = 14.0.25420.1
MinimumVisualStudioVersion = 10.0.40219.1
Project("{2150E333-8FDC-42A3-9474-1A3956D46DE8}") = ".paket", ".paket", "{E89F75E9-7B56-4D51-9696-A6430C7E4379}"
	ProjectSection(SolutionItems) = preProject
		paket.dependencies = paket.dependencies
	EndProjectSection
EndProject
Project("{F2A71F9B-5D33-465A-A702-920D77279786}") = "ConstraintTP", "src\ConstraintTP\ConstraintTP.fsproj", "{AFE1FC1F-9A0A-4325-B225-156BF6CF05E2}"
EndProject
Global
	GlobalSection(SolutionConfigurationPlatforms) = preSolution
		Debug|Any CPU = Debug|Any CPU
		Release|Any CPU = Release|Any CPU
	EndGlobalSection
	GlobalSection(ProjectConfigurationPlatforms) = postSolution
		{AFE1FC1F-9A0A-4325-B225-156BF6CF05E2}.Debug|Any CPU.ActiveCfg = Debug|Any CPU
		{AFE1FC1F-9A0A-4325-B225-156BF6CF05E2}.Debug|Any CPU.Build.0 = Debug|Any CPU
		{AFE1FC1F-9A0A-4325-B225-156BF6CF05E2}.Release|Any CPU.ActiveCfg = Release|Any CPU
		{AFE1FC1F-9A0A-4325-B225-156BF6CF05E2}.Release|Any CPU.Build.0 = Release|Any CPU
	EndGlobalSection
	GlobalSection(SolutionProperties) = preSolution
		HideSolutionNode = FALSE
	EndGlobalSection
EndGlobal
